
Microsoft Visual Studio Solution File, Format Version 12.00
# Visual Studio Version 17
VisualStudioVersion = 17.9.34714.143
MinimumVisualStudioVersion = 10.0.40219.1
Project("{FAE04EC0-301F-11D3-BF4B-00C04F79EFBC}") = "APIjQuery", "APIjQuery\APIjQuery.csproj", "{57DD332C-28DF-478D-A452-357CB91DE590}"
EndProject
Global
	GlobalSection(SolutionConfigurationPlatforms) = preSolution
		Debug|Any CPU = Debug|Any CPU
		Release|Any CPU = Release|Any CPU
	EndGlobalSection
	GlobalSection(ProjectConfigurationPlatforms) = postSolution
		{57DD332C-28DF-478D-A452-357CB91DE590}.Debug|Any CPU.ActiveCfg = Debug|Any CPU
		{57DD332C-28DF-478D-A452-357CB91DE590}.Debug|Any CPU.Build.0 = Debug|Any CPU
		{57DD332C-28DF-478D-A452-357CB91DE590}.Release|Any CPU.ActiveCfg = Release|Any CPU
		{57DD332C-28DF-478D-A452-357CB91DE590}.Release|Any CPU.Build.0 = Release|Any CPU
	EndGlobalSection
	GlobalSection(SolutionProperties) = preSolution
		HideSolutionNode = FALSE
	EndGlobalSection
	GlobalSection(ExtensibilityGlobals) = postSolution
		SolutionGuid = {E8A8D6B6-FB72-410F-8D55-06733190194F}
	EndGlobalSection
EndGlobal
